Microsoft Visual Studio Solution File, Format Version 11.00
# Visual Studio 2008

Project("{36EF5FD8-62AE-8F9A-FD6A-53DA21A26BBB}") = "Summer Game", "Assembly-CSharp.csproj", "{16FF8995-C618-2F2E-9773-B66757BFA5B0}"
EndProject
Global
	GlobalSection(SolutionConfigurationPlatforms) = preSolution
		Debug|Any CPU = Debug|Any CPU
		Release|Any CPU = Release|Any CPU
	EndGlobalSection
	GlobalSection(ProjectConfigurationPlatforms) = postSolution
		{16FF8995-C618-2F2E-9773-B66757BFA5B0}.Debug|Any CPU.ActiveCfg = Debug|Any CPU
		{16FF8995-C618-2F2E-9773-B66757BFA5B0}.Debug|Any CPU.Build.0 = Debug|Any CPU
		{16FF8995-C618-2F2E-9773-B66757BFA5B0}.Release|Any CPU.ActiveCfg = Release|Any CPU
		{16FF8995-C618-2F2E-9773-B66757BFA5B0}.Release|Any CPU.Build.0 = Release|Any CPU
	EndGlobalSection
	GlobalSection(SolutionProperties) = preSolution
		HideSolutionNode = FALSE
	EndGlobalSection
	GlobalSection(MonoDevelopProperties) = preSolution
		StartupItem = Assembly-CSharp.csproj
	EndGlobalSection
EndGlobal
